{
  "meteor": {},
  "dependencies": {
    "basePackages": {
      "bootstrap-3": {},
      "moment": {},
      "bootstrap3-datepicker": {}
    },
    "packages": {
      "bootstrap-3": {
        "git": "https://github.com/mangasocial/meteor-bootstrap-3.git",
        "tag": "v3.1.1-1",
        "commit": "63dd38968828bb8963636df93e9a1c45e2dfe67e"
      },
      "moment": {
        "git": "https://github.com/acreeger/meteor-moment.git",
        "tag": "v2.6.0",
        "commit": "26156df681750fd6e6ed77043eef32b6653ebbdf"
      },
      "bootstrap3-datepicker": {
        "git": "https://github.com/rajit/bootstrap3-datepicker.git",
        "tag": "v0.2.0",
        "commit": "e773c83065de04af77e95cf9b8f4d10d44615cb6"
      }
    }
  }
}
